// !$*UTF8*$!
{
	archiveVersion = 1;
	classes = {
	};
	objectVersion = 56;
	objects = {

/* Begin PBXBuildFile section */
		C0F04F742C0676A10041728D /* ChatMCApp.swift in Sources */ = {isa = PBXBuildFile; fileRef = C0F04F732C0676A10041728D /* ChatMCApp.swift */; };
		C0F04F762C0676A10041728D /* ContentView.swift in Sources */ = {isa = PBXBuildFile; fileRef = C0F04F752C0676A10041728D /* ContentView.swift */; };
		C0F04F782C0676A20041728D /* Assets.xcassets in Resources */ = {isa = PBXBuildFile; fileRef = C0F04F772C0676A20041728D /* Assets.xcassets */; };
		C0F04F7B2C0676A20041728D /* Preview Assets.xcassets in Resources */ = {isa = PBXBuildFile; fileRef = C0F04F7A2C0676A20041728D /* Preview Assets.xcassets */; };
		C0F04F822C0677820041728D /* ChatRowView.swift in Sources */ = {isa = PBXBuildFile; fileRef = C0F04F812C0677820041728D /* ChatRowView.swift */; };
		C0F04F842C06793D0041728D /* ChatModel.swift in Sources */ = {isa = PBXBuildFile; fileRef = C0F04F832C06793D0041728D /* ChatModel.swift */; };
		C0F04F862C067C8E0041728D /* Date+Helpers.swift in Sources */ = {isa = PBXBuildFile; fileRef = C0F04F852C067C8E0041728D /* Date+Helpers.swift */; };
		C0F04F882C067E100041728D /* ChatsViewModel.swift in Sources */ = {isa = PBXBuildFile; fileRef = C0F04F872C067E100041728D /* ChatsViewModel.swift */; };
		C0F04F8A2C0680650041728D /* ChatView.swift in Sources */ = {isa = PBXBuildFile; fileRef = C0F04F892C0680650041728D /* ChatView.swift */; };
		C0F04F8C2C0757F00041728D /* RettangoloVetro2.swift in Sources */ = {isa = PBXBuildFile; fileRef = C0F04F8B2C0757F00041728D /* RettangoloVetro2.swift */; };
/* End PBXBuildFile section */

/* Begin PBXFileReference section */
		C0F04F702C0676A10041728D /* ChatMC.app */ = {isa = PBXFileReference; explicitFileType = wrapper.application; includeInIndex = 0; path = ChatMC.app; sourceTree = BUILT_PRODUCTS_DIR; };
		C0F04F732C0676A10041728D /* ChatMCApp.swift */ = {isa = PBXFileReference; lastKnownFileType = sourcecode.swift; path = ChatMCApp.swift; sourceTree = "<group>"; };
		C0F04F752C0676A10041728D /* ContentView.swift */ = {isa = PBXFileReference; lastKnownFileType = sourcecode.swift; path = ContentView.swift; sourceTree = "<group>"; };
		C0F04F772C0676A20041728D /* Assets.xcassets */ = {isa = PBXFileReference; lastKnownFileType = folder.assetcatalog; path = Assets.xcassets; sourceTree = "<group>"; };
		C0F04F7A2C0676A20041728D /* Preview Assets.xcassets */ = {isa = PBXFileReference; lastKnownFileType = folder.assetcatalog; path = "Preview Assets.xcassets"; sourceTree = "<group>"; };
		C0F04F812C0677820041728D /* ChatRowView.swift */ = {isa = PBXFileReference; lastKnownFileType = sourcecode.swift; path = ChatRowView.swift; sourceTree = "<group>"; };
		C0F04F832C06793D0041728D /* ChatModel.swift */ = {isa = PBXFileReference; lastKnownFileType = sourcecode.swift; path = ChatModel.swift; sourceTree = "<group>"; };
		C0F04F852C067C8E0041728D /* Date+Helpers.swift */ = {isa = PBXFileReference; lastKnownFileType = sourcecode.swift; path = "Date+Helpers.swift"; sourceTree = "<group>"; };
		C0F04F872C067E100041728D /* ChatsViewModel.swift */ = {isa = PBXFileReference; lastKnownFileType = sourcecode.swift; path = ChatsViewModel.swift; sourceTree = "<group>"; };
		C0F04F892C0680650041728D /* ChatView.swift */ = {isa = PBXFileReference; lastKnownFileType = sourcecode.swift; path = ChatView.swift; sourceTree = "<group>"; };
		C0F04F8B2C0757F00041728D /* RettangoloVetro2.swift */ = {isa = PBXFileReference; lastKnownFileType = sourcecode.swift; path = RettangoloVetro2.swift; sourceTree = "<group>"; };
/* End PBXFileReference section */

/* Begin PBXFrameworksBuildPhase section */
		C0F04F6D2C0676A10041728D /* Frameworks */ = {
			isa = PBXFrameworksBuildPhase;
			buildActionMask = 2147483647;
			files = (
			);
			runOnlyForDeploymentPostprocessing = 0;
		};
/* End PBXFrameworksBuildPhase section */

/* Begin PBXGroup section */
		C0F04F672C0676A10041728D = {
			isa = PBXGroup;
			children = (
				C0F04F8B2C0757F00041728D /* RettangoloVetro2.swift */,
				C0F04F892C0680650041728D /* ChatView.swift */,
				C0F04F872C067E100041728D /* ChatsViewModel.swift */,
				C0F04F852C067C8E0041728D /* Date+Helpers.swift */,
				C0F04F832C06793D0041728D /* ChatModel.swift */,
				C0F04F812C0677820041728D /* ChatRowView.swift */,
				C0F04F722C0676A10041728D /* ChatMC */,
				C0F04F712C0676A10041728D /* Products */,
			);
			sourceTree = "<group>";
		};
		C0F04F712C0676A10041728D /* Products */ = {
			isa = PBXGroup;
			children = (
				C0F04F702C0676A10041728D /* ChatMC.app */,
			);
			name = Products;
			sourceTree = "<group>";
		};
		C0F04F722C0676A10041728D /* ChatMC */ = {
			isa = PBXGroup;
			children = (
				C0F04F732C0676A10041728D /* ChatMCApp.swift */,
				C0F04F752C0676A10041728D /* ContentView.swift */,
				C0F04F772C0676A20041728D /* Assets.xcassets */,
				C0F04F792C0676A20041728D /* Preview Content */,
			);
			path = ChatMC;
			sourceTree = "<group>";
		};
		C0F04F792C0676A20041728D /* Preview Content */ = {
			isa = PBXGroup;
			children = (
				C0F04F7A2C0676A20041728D /* Preview Assets.xcassets */,
			);
			path = "Preview Content";
			sourceTree = "<group>";
		};
/* End PBXGroup section */

/* Begin PBXNativeTarget section */
		C0F04F6F2C0676A10041728D /* ChatMC */ = {
			isa = PBXNativeTarget;
			buildConfigurationList = C0F04F7E2C0676A20041728D /* Build configuration list for PBXNativeTarget "ChatMC" */;
			buildPhases = (
				C0F04F6C2C0676A10041728D /* Sources */,
				C0F04F6D2C0676A10041728D /* Frameworks */,
				C0F04F6E2C0676A10041728D /* Resources */,
			);
			buildRules = (
			);
			dependencies = (
			);
			name = ChatMC;
			productName = ChatMC;
			productReference = C0F04F702C0676A10041728D /* ChatMC.app */;
			productType = "com.apple.product-type.application";
		};
/* End PBXNativeTarget section */

/* Begin PBXProject section */
		C0F04F682C0676A10041728D /* Project object */ = {
			isa = PBXProject;
			attributes = {
				BuildIndependentTargetsInParallel = 1;
				LastSwiftUpdateCheck = 1540;
				LastUpgradeCheck = 1540;
				TargetAttributes = {
					C0F04F6F2C0676A10041728D = {
						CreatedOnToolsVersion = 15.4;
					};
				};
			};
			buildConfigurationList = C0F04F6B2C0676A10041728D /* Build configuration list for PBXProject "ChatMC" */;
			compatibilityVersion = "Xcode 14.0";
			developmentRegion = en;
			hasScannedForEncodings = 0;
			knownRegions = (
				en,
				Base,
			);
			mainGroup = C0F04F672C0676A10041728D;
			productRefGroup = C0F04F712C0676A10041728D /* Products */;
			projectDirPath = "";
			projectRoot = "";
			targets = (
				C0F04F6F2C0676A10041728D /* ChatMC */,
			);
		};
/* End PBXProject section */

/* Begin PBXResourcesBuildPhase section */
		C0F04F6E2C0676A10041728D /* Resources */ = {
			isa = PBXResourcesBuildPhase;
			buildActionMask = 2147483647;
			files = (
				C0F04F7B2C0676A20041728D /* Preview Assets.xcassets in Resources */,
				C0F04F782C0676A20041728D /* Assets.xcassets in Resources */,
			);
			runOnlyForDeploymentPostprocessing = 0;
		};
/* End PBXResourcesBuildPhase section */

/* Begin PBXSourcesBuildPhase section */
		C0F04F6C2C0676A10041728D /* Sources */ = {
			isa = PBXSourcesBuildPhase;
			buildActionMask = 2147483647;
			files = (
				C0F04F882C067E100041728D /* ChatsViewModel.swift in Sources */,
				C0F04F822C0677820041728D /* ChatRowView.swift in Sources */,
				C0F04F8C2C0757F00041728D /* RettangoloVetro2.swift in Sources */,
				C0F04F762C0676A10041728D /* ContentView.swift in Sources */,
				C0F04F742C0676A10041728D /* ChatMCApp.swift in Sources */,
				C0F04F8A2C0680650041728D /* ChatView.swift in Sources */,
				C0F04F842C06793D0041728D /* ChatModel.swift in Sources */,
				C0F04F862C067C8E0041728D /* Date+Helpers.swift in Sources */,
			);
			runOnlyForDeploymentPostprocessing = 0;
		};
/* End PBXSourcesBuildPhase section */

/* Begin XCBuildConfiguration section */
		C0F04F7C2C0676A20041728D /* Debug */ = {
			isa = XCBuildConfiguration;
			buildSettings = {
				ALWAYS_SEARCH_USER_PATHS = NO;
				ASSETCATALOG_COMPILER_GENERATE_SWIFT_ASSET_SYMBOL_EXTENSIONS = YES;
				CLANG_ANALYZER_NONNULL = YES;
				CLANG_ANALYZER_NUMBER_OBJECT_CONVERSION = YES_AGGRESSIVE;
				CLANG_CXX_LANGUAGE_STANDARD = "gnu++20";
				CLANG_ENABLE_MODULES = YES;
				CLANG_ENABLE_OBJC_ARC = YES;
				CLANG_ENABLE_OBJC_WEAK = YES;
				CLANG_WARN_BLOCK_CAPTURE_AUTORELEASING = YES;
				CLANG_WARN_BOOL_CONVERSION = YES;
				CLANG_WARN_COMMA = YES;
				CLANG_WARN_CONSTANT_CONVERSION = YES;
				CLANG_WARN_DEPRECATED_OBJC_IMPLEMENTATIONS = YES;
				CLANG_WARN_DIRECT_OBJC_ISA_USAGE = YES_ERROR;
				CLANG_WARN_DOCUMENTATION_COMMENTS = YES;
				CLANG_WARN_EMPTY_BODY = YES;
				CLANG_WARN_ENUM_CONVERSION = YES;
				CLANG_WARN_INFINITE_RECURSION = YES;
				CLANG_WARN_INT_CONVERSION = YES;
				CLANG_WARN_NON_LITERAL_NULL_CONVERSION = YES;
				CLANG_WARN_OBJC_IMPLICIT_RETAIN_SELF = YES;
				CLANG_WARN_OBJC_LITERAL_CONVERSION = YES;
				CLANG_WARN_OBJC_ROOT_CLASS = YES_ERROR;
				CLANG_WARN_QUOTED_INCLUDE_IN_FRAMEWORK_HEADER = YES;
				CLANG_WARN_RANGE_LOOP_ANALYSIS = YES;
				CLANG_WARN_STRICT_PROTOTYPES = YES;
				CLANG_WARN_SUSPICIOUS_MOVE = YES;
				CLANG_WARN_UNGUARDED_AVAILABILITY = YES_AGGRESSIVE;
				CLANG_WARN_UNREACHABLE_CODE = YES;
				CLANG_WARN__DUPLICATE_METHOD_MATCH = YES;
				COPY_PHASE_STRIP = NO;
				DEBUG_INFORMATION_FORMAT = dwarf;
				ENABLE_STRICT_OBJC_MSGSEND = YES;
				ENABLE_TESTABILITY = YES;
				ENABLE_USER_SCRIPT_SANDBOXING = YES;
				GCC_C_LANGUAGE_STANDARD = gnu17;
				GCC_DYNAMIC_NO_PIC = NO;
				GCC_NO_COMMON_BLOCKS = YES;
				GCC_OPTIMIZATION_LEVEL = 0;
				GCC_PREPROCESSOR_DEFINITIONS = (
					"DEBUG=1",
					"$(inherited)",
				);
				GCC_WARN_64_TO_32_BIT_CONVERSION = YES;
				GCC_WARN_ABOUT_RETURN_TYPE = YES_ERROR;
				GCC_WARN_UNDECLARED_SELECTOR = YES;
				GCC_WARN_UNINITIALIZED_AUTOS = YES_AGGRESSIVE;
				GCC_WARN_UNUSED_FUNCTION = YES;
				GCC_WARN_UNUSED_VARIABLE = YES;
				IPHONEOS_DEPLOYMENT_TARGET = 17.5;
				LOCALIZATION_PREFERS_STRING_CATALOGS = YES;
				MTL_ENABLE_DEBUG_INFO = INCLUDE_SOURCE;
				MTL_FAST_MATH = YES;
				ONLY_ACTIVE_ARCH = YES;
				SDKROOT = iphoneos;
				SWIFT_ACTIVE_COMPILATION_CONDITIONS = "DEBUG $(inherited)";
				SWIFT_OPTIMIZATION_LEVEL = "-Onone";
			};
			name = Debug;
		};
		C0F04F7D2C0676A20041728D /* Release */ = {
			isa = XCBuildConfiguration;
			buildSettings = {
				ALWAYS_SEARCH_USER_PATHS = NO;
				ASSETCATALOG_COMPILER_GENERATE_SWIFT_ASSET_SYMBOL_EXTENSIONS = YES;
				CLANG_ANALYZER_NONNULL = YES;
				CLANG_ANALYZER_NUMBER_OBJECT_CONVERSION = YES_AGGRESSIVE;
				CLANG_CXX_LANGUAGE_STANDARD = "gnu++20";
				CLANG_ENABLE_MODULES = YES;
				CLANG_ENABLE_OBJC_ARC = YES;
				CLANG_ENABLE_OBJC_WEAK = YES;
				CLANG_WARN_BLOCK_CAPTURE_AUTORELEASING = YES;
				CLANG_WARN_BOOL_CONVERSION = YES;
				CLANG_WARN_COMMA = YES;
				CLANG_WARN_CONSTANT_CONVERSION = YES;
				CLANG_WARN_DEPRECATED_OBJC_IMPLEMENTATIONS = YES;
				CLANG_WARN_DIRECT_OBJC_ISA_USAGE = YES_ERROR;
				CLANG_WARN_DOCUMENTATION_COMMENTS = YES;
				CLANG_WARN_EMPTY_BODY = YES;
				CLANG_WARN_ENUM_CONVERSION = YES;
				CLANG_WARN_INFINITE_RECURSION = YES;
				CLANG_WARN_INT_CONVERSION = YES;
				CLANG_WARN_NON_LITERAL_NULL_CONVERSION = YES;
				CLANG_WARN_OBJC_IMPLICIT_RETAIN_SELF = YES;
				CLANG_WARN_OBJC_LITERAL_CONVERSION = YES;
				CLANG_WARN_OBJC_ROOT_CLASS = YES_ERROR;
				CLANG_WARN_QUOTED_INCLUDE_IN_FRAMEWORK_HEADER = YES;
				CLANG_WARN_RANGE_LOOP_ANALYSIS = YES;
				CLANG_WARN_STRICT_PROTOTYPES = YES;
				CLANG_WARN_SUSPICIOUS_MOVE = YES;
				CLANG_WARN_UNGUARDED_AVAILABILITY = YES_AGGRESSIVE;
				CLANG_WARN_UNREACHABLE_CODE = YES;
				CLANG_WARN__DUPLICATE_METHOD_MATCH = YES;
				COPY_PHASE_STRIP = NO;
				DEBUG_INFORMATION_FORMAT = "dwarf-with-dsym";
				ENABLE_NS_ASSERTIONS = NO;
				ENABLE_STRICT_OBJC_MSGSEND = YES;
				ENABLE_USER_SCRIPT_SANDBOXING = YES;
				GCC_C_LANGUAGE_STANDARD = gnu17;
				GCC_NO_COMMON_BLOCKS = YES;
				GCC_WARN_64_TO_32_BIT_CONVERSION = YES;
				GCC_WARN_ABOUT_RETURN_TYPE = YES_ERROR;
				GCC_WARN_UNDECLARED_SELECTOR = YES;
				GCC_WARN_UNINITIALIZED_AUTOS = YES_AGGRESSIVE;
				GCC_WARN_UNUSED_FUNCTION = YES;
				GCC_WARN_UNUSED_VARIABLE = YES;
				IPHONEOS_DEPLOYMENT_TARGET = 17.5;
				LOCALIZATION_PREFERS_STRING_CATALOGS = YES;
				MTL_ENABLE_DEBUG_INFO = NO;
				MTL_FAST_MATH = YES;
				SDKROOT = iphoneos;
				SWIFT_COMPILATION_MODE = wholemodule;
				VALIDATE_PRODUCT = YES;
			};
			name = Release;
		};
		C0F04F7F2C0676A20041728D /* Debug */ = {
			isa = XCBuildConfiguration;
			buildSettings = {
				ASSETCATALOG_COMPILER_APPICON_NAME = AppIcon;
				ASSETCATALOG_COMPILER_GLOBAL_ACCENT_COLOR_NAME = AccentColor;
				CODE_SIGN_STYLE = Automatic;
				CURRENT_PROJECT_VERSION = 1;
				DEVELOPMENT_ASSET_PATHS = "\"ChatMC/Preview Content\"";
				DEVELOPMENT_TEAM = K28BX6H8W4;
				ENABLE_PREVIEWS = YES;
				GENERATE_INFOPLIST_FILE = YES;
				INFOPLIST_KEY_UIApplicationSceneManifest_Generation = YES;
				INFOPLIST_KEY_UIApplicationSupportsIndirectInputEvents = YES;
				INFOPLIST_KEY_UILaunchScreen_Generation = YES;
				INFOPLIST_KEY_UISupportedInterfaceOrientations_iPad = "UIInterfaceOrientationPortrait UIInterfaceOrientationPortraitUpsideDown UIInterfaceOrientationLandscapeLeft UIInterfaceOrientationLandscapeRight";
				INFOPLIST_KEY_UISupportedInterfaceOrientations_iPhone = "UIInterfaceOrientationPortrait UIInterfaceOrientationLandscapeLeft UIInterfaceOrientationLandscapeRight";
				IPHONEOS_DEPLOYMENT_TARGET = 17.0;
				LD_RUNPATH_SEARCH_PATHS = (
					"$(inherited)",
					"@executable_path/Frameworks",
				);
				MARKETING_VERSION = 1.0;
				PRODUCT_BUNDLE_IDENTIFIER = com.simoneboni.ChatMC;
				PRODUCT_NAME = "$(TARGET_NAME)";
				SWIFT_EMIT_LOC_STRINGS = YES;
				SWIFT_VERSION = 5.0;
				TARGETED_DEVICE_FAMILY = "1,2";
			};
			name = Debug;
		};
		C0F04F802C0676A20041728D /* Release */ = {
			isa = XCBuildConfiguration;
			buildSettings = {
				ASSETCATALOG_COMPILER_APPICON_NAME = AppIcon;
				ASSETCATALOG_COMPILER_GLOBAL_ACCENT_COLOR_NAME = AccentColor;
				CODE_SIGN_STYLE = Automatic;
				CURRENT_PROJECT_VERSION = 1;
				DEVELOPMENT_ASSET_PATHS = "\"ChatMC/Preview Content\"";
				DEVELOPMENT_TEAM = K28BX6H8W4;
				ENABLE_PREVIEWS = YES;
				GENERATE_INFOPLIST_FILE = YES;
				INFOPLIST_KEY_UIApplicationSceneManifest_Generation = YES;
				INFOPLIST_KEY_UIApplicationSupportsIndirectInputEvents = YES;
				INFOPLIST_KEY_UILaunchScreen_Generation = YES;
				INFOPLIST_KEY_UISupportedInterfaceOrientations_iPad = "UIInterfaceOrientationPortrait UIInterfaceOrientationPortraitUpsideDown UIInterfaceOrientationLandscapeLeft UIInterfaceOrientationLandscapeRight";
				INFOPLIST_KEY_UISupportedInterfaceOrientations_iPhone = "UIInterfaceOrientationPortrait UIInterfaceOrientationLandscapeLeft UIInterfaceOrientationLandscapeRight";
				IPHONEOS_DEPLOYMENT_TARGET = 17.0;
				LD_RUNPATH_SEARCH_PATHS = (
					"$(inherited)",
					"@executable_path/Frameworks",
				);
				MARKETING_VERSION = 1.0;
				PRODUCT_BUNDLE_IDENTIFIER = com.simoneboni.ChatMC;
				PRODUCT_NAME = "$(TARGET_NAME)";
				SWIFT_EMIT_LOC_STRINGS = YES;
				SWIFT_VERSION = 5.0;
				TARGETED_DEVICE_FAMILY = "1,2";
			};
			name = Release;
		};
/* End XCBuildConfiguration section */

/* Begin XCConfigurationList section */
		C0F04F6B2C0676A10041728D /* Build configuration list for PBXProject "ChatMC" */ = {
			isa = XCConfigurationList;
			buildConfigurations = (
				C0F04F7C2C0676A20041728D /* Debug */,
				C0F04F7D2C0676A20041728D /* Release */,
			);
			defaultConfigurationIsVisible = 0;
			defaultConfigurationName = Release;
		};
		C0F04F7E2C0676A20041728D /* Build configuration list for PBXNativeTarget "ChatMC" */ = {
			isa = XCConfigurationList;
			buildConfigurations = (
				C0F04F7F2C0676A20041728D /* Debug */,
				C0F04F802C0676A20041728D /* Release */,
			);
			defaultConfigurationIsVisible = 0;
			defaultConfigurationName = Release;
		};
/* End XCConfigurationList section */
	};
	rootObject = C0F04F682C0676A10041728D /* Project object */;
}
